
Microsoft Visual Studio Solution File, Format Version 12.00
# Visual Studio 15
Project("{FAE04EC0-301F-11D3-BF4B-00C04F79EFBC}") = "Assembly-CSharp", "Assembly-CSharp.csproj", "{F2818FF8-4B27-1172-DE12-1973C6EAF217}"
EndProject
Project("{FAE04EC0-301F-11D3-BF4B-00C04F79EFBC}") = "Assembly-CSharp-Editor", "Assembly-CSharp-Editor.csproj", "{058F4BA4-0EB3-5DAB-3E54-6A47417C8978}"
EndProject
Global
	GlobalSection(SolutionConfigurationPlatforms) = preSolution
		Debug|Any CPU = Debug|Any CPU
		Release|Any CPU = Release|Any CPU
	EndGlobalSection
	GlobalSection(ProjectConfigurationPlatforms) = postSolution
		{F2818FF8-4B27-1172-DE12-1973C6EAF217}.Debug|Any CPU.ActiveCfg = Debug|Any CPU
		{F2818FF8-4B27-1172-DE12-1973C6EAF217}.Debug|Any CPU.Build.0 = Debug|Any CPU
		{F2818FF8-4B27-1172-DE12-1973C6EAF217}.Release|Any CPU.ActiveCfg = Release|Any CPU
		{F2818FF8-4B27-1172-DE12-1973C6EAF217}.Release|Any CPU.Build.0 = Release|Any CPU
		{058F4BA4-0EB3-5DAB-3E54-6A47417C8978}.Debug|Any CPU.ActiveCfg = Debug|Any CPU
		{058F4BA4-0EB3-5DAB-3E54-6A47417C8978}.Debug|Any CPU.Build.0 = Debug|Any CPU
		{058F4BA4-0EB3-5DAB-3E54-6A47417C8978}.Release|Any CPU.ActiveCfg = Release|Any CPU
		{058F4BA4-0EB3-5DAB-3E54-6A47417C8978}.Release|Any CPU.Build.0 = Release|Any CPU
	EndGlobalSection
	GlobalSection(SolutionProperties) = preSolution
		HideSolutionNode = FALSE
	EndGlobalSection
EndGlobal
